
Microsoft Visual Studio Solution File, Format Version 12.00
# Visual Studio Version 17
VisualStudioVersion = 17.8.34322.80
MinimumVisualStudioVersion = 10.0.40219.1
Project("{FAE04EC0-301F-11D3-BF4B-00C04F79EFBC}") = "Calculators", "Calculators\Calculators.csproj", "{096A3F1E-B799-4140-ACFE-79B3E9B3E929}"
EndProject
Global
	GlobalSection(SolutionConfigurationPlatforms) = preSolution
		Debug|Any CPU = Debug|Any CPU
		Release|Any CPU = Release|Any CPU
	EndGlobalSection
	GlobalSection(ProjectConfigurationPlatforms) = postSolution
		{096A3F1E-B799-4140-ACFE-79B3E9B3E929}.Debug|Any CPU.ActiveCfg = Debug|Any CPU
		{096A3F1E-B799-4140-ACFE-79B3E9B3E929}.Debug|Any CPU.Build.0 = Debug|Any CPU
		{096A3F1E-B799-4140-ACFE-79B3E9B3E929}.Release|Any CPU.ActiveCfg = Release|Any CPU
		{096A3F1E-B799-4140-ACFE-79B3E9B3E929}.Release|Any CPU.Build.0 = Release|Any CPU
	EndGlobalSection
	GlobalSection(SolutionProperties) = preSolution
		HideSolutionNode = FALSE
	EndGlobalSection
	GlobalSection(ExtensibilityGlobals) = postSolution
		SolutionGuid = {4370512A-222E-44E4-B199-A8E8313C5E99}
	EndGlobalSection
EndGlobal
